<?xml version="1.0" encoding="utf-8"?>
<Project ToolsVersion="4.0" xmlns="http://schemas.microsoft.com/developer/msbuild/2003">
  <ItemGroup>
    <Filter Include="소스 파일">
      <UniqueIdentifier>{4FC737F1-C7A5-4376-A066-2A32D752A2FF}</UniqueIdentifier>
      <Extensions>cpp;c;cc;cxx;def;odl;idl;hpj;bat;asm;asmx</Extensions>
    </Filter>
    <Filter Include="헤더 파일">
      <UniqueIdentifier>{93995380-89BD-4b04-88EB-625FBE52EBFB}</UniqueIdentifier>
      <Extensions>h;hh;hpp;hxx;hm;inl;inc;xsd</Extensions>
    </Filter>
    <Filter Include="리소스 파일">
      <UniqueIdentifier>{67DA6AB6-F800-4c08-8B7A-83BB121AAD01}</UniqueIdentifier>
      <Extensions>rc;ico;cur;bmp;dlg;rc2;rct;bin;rgs;gif;jpg;jpeg;jpe;resx;tiff;tif;png;wav;mfcribbon-ms</Extensions>
    </Filter>
    <Filter Include="소스 파일\Scene">
      <UniqueIdentifier>{403f2ca7-4e9d-4d48-ba38-379b85c596af}</UniqueIdentifier>
    </Filter>
    <Filter Include="헤더 파일\Scene">
      <UniqueIdentifier>{4b338256-0044-4e23-8cf5-a15e63712421}</UniqueIdentifier>
    </Filter>
    <Filter Include="소스 파일\Object">
      <UniqueIdentifier>{8e15ebe6-7ec8-46bf-bb05-81edb9fb03c6}</UniqueIdentifier>
    </Filter>
    <Filter Include="헤더 파일\Object">
      <UniqueIdentifier>{3c338451-6f4c-4f23-aaf7-b31cf61e123f}</UniqueIdentifier>
    </Filter>
    <Filter Include="소스 파일\Object\Ship">
      <UniqueIdentifier>{58c02182-45a6-4ebb-8340-5e382b86f650}</UniqueIdentifier>
    </Filter>
    <Filter Include="소스 파일\Object\Weapon">
      <UniqueIdentifier>{1baaefeb-2874-47bf-aa7f-4e3ca3fb2b60}</UniqueIdentifier>
    </Filter>
    <Filter Include="헤더 파일\Object\Ship">
      <UniqueIdentifier>{ec307d3a-45b4-4dde-8442-8f4637fb851b}</UniqueIdentifier>
    </Filter>
    <Filter Include="헤더 파일\Object\Weapon">
      <UniqueIdentifier>{562b9c00-245a-468c-a31a-1e97921d4e8e}</UniqueIdentifier>
    </Filter>
    <Filter Include="소스 파일\UI">
      <UniqueIdentifier>{cf22ca5b-fd40-484b-a1be-936570b10e0d}</UniqueIdentifier>
    </Filter>
    <Filter Include="헤더 파일\UI">
      <UniqueIdentifier>{20793f18-5799-48bd-a541-24d2f4d0f222}</UniqueIdentifier>
    </Filter>
    <Filter Include="소스 파일\Object\Detector">
      <UniqueIdentifier>{6cac150e-ca35-4946-a938-8d0005870aed}</UniqueIdentifier>
    </Filter>
    <Filter Include="헤더 파일\Object\Detector">
      <UniqueIdentifier>{4a4b2b82-50ae-4c6d-be50-299e22dad5e1}</UniqueIdentifier>
    </Filter>
    <Filter Include="소스 파일\Object\Weapon\Projectile">
      <UniqueIdentifier>{4f2bccb8-f7fc-489f-be8f-a58797474f35}</UniqueIdentifier>
    </Filter>
    <Filter Include="헤더 파일\Object\Weapon\Projectile">
      <UniqueIdentifier>{4407613a-0a4b-455a-8742-a954b9505e99}</UniqueIdentifier>
    </Filter>
  </ItemGroup>
  <ItemGroup>
    <ClCompile Include="main.cpp">
      <Filter>소스 파일</Filter>
    </ClCompile>
    <ClCompile Include="SceneClass.cpp">
      <Filter>소스 파일\Scene</Filter>
    </ClCompile>
    <ClCompile Include="SceneMng.cpp">
      <Filter>소스 파일\Scene</Filter>
    </ClCompile>
    <ClCompile Include="GameScene.cpp">
      <Filter>소스 파일\Scene</Filter>
    </ClCompile>
    <ClCompile Include="ShipClass.cpp">
      <Filter>소스 파일\Object\Ship</Filter>
    </ClCompile>
    <ClCompile Include="Cruiser.cpp">
      <Filter>소스 파일\Object\Ship</Filter>
    </ClCompile>
    <ClCompile Include="Destroyer.cpp">
      <Filter>소스 파일\Object\Ship</Filter>
    </ClCompile>
    <ClCompile Include="Frigate.cpp">
      <Filter>소스 파일\Object\Ship</Filter>
    </ClCompile>
    <ClCompile Include="Battleship.cpp">
      <Filter>소스 파일\Object\Ship</Filter>
    </ClCompile>
    <ClCompile Include="Corvett.cpp">
      <Filter>소스 파일\Object\Ship</Filter>
    </ClCompile>
    <ClCompile Include="Patrolkiller.cpp">
      <Filter>소스 파일\Object\Ship</Filter>
    </ClCompile>
    <ClCompile Include="DetectorClass.cpp">
      <Filter>소스 파일\Object\Detector</Filter>
    </ClCompile>
    <ClCompile Include="WeaponClass.cpp">
      <Filter>소스 파일\Object\Weapon</Filter>
    </ClCompile>
    <ClCompile Include="TestRadar.cpp">
      <Filter>소스 파일\Object\Detector</Filter>
    </ClCompile>
    <ClCompile Include="TestCannon.cpp">
      <Filter>소스 파일\Object\Weapon</Filter>
    </ClCompile>
    <ClCompile Include="TestVLS.cpp">
      <Filter>소스 파일\Object\Weapon</Filter>
    </ClCompile>
    <ClCompile Include="TestLauncher.cpp">
      <Filter>소스 파일\Object\Weapon</Filter>
    </ClCompile>
    <ClCompile Include="TestCIWS.cpp">
      <Filter>소스 파일\Object\Weapon</Filter>
    </ClCompile>
    <ClCompile Include="ProjectileClass.cpp">
      <Filter>소스 파일\Object\Weapon\Projectile</Filter>
    </ClCompile>
    <ClCompile Include="TestBullet.cpp">
      <Filter>소스 파일\Object\Weapon\Projectile</Filter>
    </ClCompile>
    <ClCompile Include="TestMissile.cpp">
      <Filter>소스 파일\Object\Weapon\Projectile</Filter>
    </ClCompile>
    <ClCompile Include="TestTorpedo.cpp">
      <Filter>소스 파일\Object\Weapon\Projectile</Filter>
    </ClCompile>
  </ItemGroup>
  <ItemGroup>
    <ClInclude Include="main.h">
      <Filter>헤더 파일</Filter>
    </ClInclude>
    <ClInclude Include="SceneClass.h">
      <Filter>헤더 파일\Scene</Filter>
    </ClInclude>
    <ClInclude Include="SceneMng.h">
      <Filter>헤더 파일\Scene</Filter>
    </ClInclude>
    <ClInclude Include="GameScene.h">
      <Filter>헤더 파일\Scene</Filter>
    </ClInclude>
    <ClInclude Include="ShipClass.h">
      <Filter>헤더 파일\Object\Ship</Filter>
    </ClInclude>
    <ClInclude Include="Battleship.h">
      <Filter>헤더 파일\Object\Ship</Filter>
    </ClInclude>
    <ClInclude Include="Corvett.h">
      <Filter>헤더 파일\Object\Ship</Filter>
    </ClInclude>
    <ClInclude Include="Cruiser.h">
      <Filter>헤더 파일\Object\Ship</Filter>
    </ClInclude>
    <ClInclude Include="Destroyer.h">
      <Filter>헤더 파일\Object\Ship</Filter>
    </ClInclude>
    <ClInclude Include="Frigate.h">
      <Filter>헤더 파일\Object\Ship</Filter>
    </ClInclude>
    <ClInclude Include="Patrolkiller.h">
      <Filter>헤더 파일\Object\Ship</Filter>
    </ClInclude>
    <ClInclude Include="DetectorClass.h">
      <Filter>헤더 파일\Object\Detector</Filter>
    </ClInclude>
    <ClInclude Include="WeaponClass.h">
      <Filter>헤더 파일\Object\Weapon</Filter>
    </ClInclude>
    <ClInclude Include="TestRadar.h">
      <Filter>헤더 파일\Object\Detector</Filter>
    </ClInclude>
    <ClInclude Include="TestCannon.h">
      <Filter>헤더 파일\Object\Weapon</Filter>
    </ClInclude>
    <ClInclude Include="TestVLS.h">
      <Filter>헤더 파일\Object\Weapon</Filter>
    </ClInclude>
    <ClInclude Include="TestLauncher.h">
      <Filter>헤더 파일\Object\Weapon</Filter>
    </ClInclude>
    <ClInclude Include="TestCIWS.h">
      <Filter>헤더 파일\Object\Weapon</Filter>
    </ClInclude>
    <ClInclude Include="ProjectileClass.h">
      <Filter>헤더 파일\Object\Weapon\Projectile</Filter>
    </ClInclude>
    <ClInclude Include="TestBullet.h">
      <Filter>헤더 파일\Object\Weapon\Projectile</Filter>
    </ClInclude>
    <ClInclude Include="TestMissile.h">
      <Filter>헤더 파일\Object\Weapon\Projectile</Filter>
    </ClInclude>
    <ClInclude Include="TestTorpedo.h">
      <Filter>헤더 파일\Object\Weapon\Projectile</Filter>
    </ClInclude>
  </ItemGroup>
</Project>